
Microsoft Visual Studio Solution File, Format Version 12.00
# Visual Studio 2013
VisualStudioVersion = 12.0.30110.0
MinimumVisualStudioVersion = 10.0.40219.1
Project("{F184B08F-C81C-45F6-A57F-5ABD9991F28F}") = "SimpleWebSave", "SimpleWebSave\SimpleWebSave.vbproj", "{CAD2A68C-C8D0-4C99-BDD4-5B76CA7CC89F}"
EndProject
Global
	GlobalSection(SolutionConfigurationPlatforms) = preSolution
		Debug|x86 = Debug|x86
		Release|x86 = Release|x86
	EndGlobalSection
	GlobalSection(ProjectConfigurationPlatforms) = postSolution
		{CAD2A68C-C8D0-4C99-BDD4-5B76CA7CC89F}.Debug|x86.ActiveCfg = Debug|x86
		{CAD2A68C-C8D0-4C99-BDD4-5B76CA7CC89F}.Debug|x86.Build.0 = Debug|x86
		{CAD2A68C-C8D0-4C99-BDD4-5B76CA7CC89F}.Release|x86.ActiveCfg = Release|x86
		{CAD2A68C-C8D0-4C99-BDD4-5B76CA7CC89F}.Release|x86.Build.0 = Release|x86
	EndGlobalSection
	GlobalSection(SolutionProperties) = preSolution
		HideSolutionNode = FALSE
	EndGlobalSection
EndGlobal
